// !$*UTF8*$!
{
	archiveVersion = 1;
	classes = {
	};
	objectVersion = 50;
	objects = {

/* Begin PBXBuildFile section */
		44A9CD0023AA2ADB00E8C751 /* AppDelegate.swift in Sources */ = {isa = PBXBuildFile; fileRef = 44A9CCFF23AA2ADB00E8C751 /* AppDelegate.swift */; };
		44A9CD0323AA2ADB00E8C751 /* CloudKit.xcdatamodeld in Sources */ = {isa = PBXBuildFile; fileRef = 44A9CD0123AA2ADB00E8C751 /* CloudKit.xcdatamodeld */; };
		44A9CD0523AA2ADB00E8C751 /* SceneDelegate.swift in Sources */ = {isa = PBXBuildFile; fileRef = 44A9CD0423AA2ADB00E8C751 /* SceneDelegate.swift */; };
		44A9CD0723AA2ADB00E8C751 /* MasterViewController.swift in Sources */ = {isa = PBXBuildFile; fileRef = 44A9CD0623AA2ADB00E8C751 /* MasterViewController.swift */; };
		44A9CD0923AA2ADB00E8C751 /* DetailViewController.swift in Sources */ = {isa = PBXBuildFile; fileRef = 44A9CD0823AA2ADB00E8C751 /* DetailViewController.swift */; };
		44A9CD0C23AA2ADB00E8C751 /* Main.storyboard in Resources */ = {isa = PBXBuildFile; fileRef = 44A9CD0A23AA2ADB00E8C751 /* Main.storyboard */; };
		44A9CD0E23AA2AE100E8C751 /* Assets.xcassets in Resources */ = {isa = PBXBuildFile; fileRef = 44A9CD0D23AA2AE100E8C751 /* Assets.xcassets */; };
		44A9CD1123AA2AE100E8C751 /* LaunchScreen.storyboard in Resources */ = {isa = PBXBuildFile; fileRef = 44A9CD0F23AA2AE100E8C751 /* LaunchScreen.storyboard */; };
/* End PBXBuildFile section */

/* Begin PBXFileReference section */
		44A9CCFC23AA2ADB00E8C751 /* CloudKit.app */ = {isa = PBXFileReference; explicitFileType = wrapper.application; includeInIndex = 0; path = CloudKit.app; sourceTree = BUILT_PRODUCTS_DIR; };
		44A9CCFF23AA2ADB00E8C751 /* AppDelegate.swift */ = {isa = PBXFileReference; lastKnownFileType = sourcecode.swift; path = AppDelegate.swift; sourceTree = "<group>"; };
		44A9CD0223AA2ADB00E8C751 /* CloudKit.xcdatamodel */ = {isa = PBXFileReference; lastKnownFileType = wrapper.xcdatamodel; path = CloudKit.xcdatamodel; sourceTree = "<group>"; };
		44A9CD0423AA2ADB00E8C751 /* SceneDelegate.swift */ = {isa = PBXFileReference; lastKnownFileType = sourcecode.swift; path = SceneDelegate.swift; sourceTree = "<group>"; };
		44A9CD0623AA2ADB00E8C751 /* MasterViewController.swift */ = {isa = PBXFileReference; lastKnownFileType = sourcecode.swift; path = MasterViewController.swift; sourceTree = "<group>"; };
		44A9CD0823AA2ADB00E8C751 /* DetailViewController.swift */ = {isa = PBXFileReference; lastKnownFileType = sourcecode.swift; path = DetailViewController.swift; sourceTree = "<group>"; };
		44A9CD0B23AA2ADB00E8C751 /* Base */ = {isa = PBXFileReference; lastKnownFileType = file.storyboard; name = Base; path = Base.lproj/Main.storyboard; sourceTree = "<group>"; };
		44A9CD0D23AA2AE100E8C751 /* Assets.xcassets */ = {isa = PBXFileReference; lastKnownFileType = folder.assetcatalog; path = Assets.xcassets; sourceTree = "<group>"; };
		44A9CD1023AA2AE100E8C751 /* Base */ = {isa = PBXFileReference; lastKnownFileType = file.storyboard; name = Base; path = Base.lproj/LaunchScreen.storyboard; sourceTree = "<group>"; };
		44A9CD1223AA2AE100E8C751 /* Info.plist */ = {isa = PBXFileReference; lastKnownFileType = text.plist.xml; path = Info.plist; sourceTree = "<group>"; };
/* End PBXFileReference section */

/* Begin PBXFrameworksBuildPhase section */
		44A9CCF923AA2ADB00E8C751 /* Frameworks */ = {
			isa = PBXFrameworksBuildPhase;
			buildActionMask = 2147483647;
			files = (
			);
			runOnlyForDeploymentPostprocessing = 0;
		};
/* End PBXFrameworksBuildPhase section */

/* Begin PBXGroup section */
		44A9CCF323AA2ADB00E8C751 = {
			isa = PBXGroup;
			children = (
				44A9CCFE23AA2ADB00E8C751 /* CloudKit */,
				44A9CCFD23AA2ADB00E8C751 /* Products */,
			);
			sourceTree = "<group>";
		};
		44A9CCFD23AA2ADB00E8C751 /* Products */ = {
			isa = PBXGroup;
			children = (
				44A9CCFC23AA2ADB00E8C751 /* CloudKit.app */,
			);
			name = Products;
			sourceTree = "<group>";
		};
		44A9CCFE23AA2ADB00E8C751 /* CloudKit */ = {
			isa = PBXGroup;
			children = (
				44A9CCFF23AA2ADB00E8C751 /* AppDelegate.swift */,
				44A9CD0423AA2ADB00E8C751 /* SceneDelegate.swift */,
				44A9CD0623AA2ADB00E8C751 /* MasterViewController.swift */,
				44A9CD0823AA2ADB00E8C751 /* DetailViewController.swift */,
				44A9CD0A23AA2ADB00E8C751 /* Main.storyboard */,
				44A9CD0D23AA2AE100E8C751 /* Assets.xcassets */,
				44A9CD0F23AA2AE100E8C751 /* LaunchScreen.storyboard */,
				44A9CD1223AA2AE100E8C751 /* Info.plist */,
				44A9CD0123AA2ADB00E8C751 /* CloudKit.xcdatamodeld */,
			);
			path = CloudKit;
			sourceTree = "<group>";
		};
/* End PBXGroup section */

/* Begin PBXNativeTarget section */
		44A9CCFB23AA2ADB00E8C751 /* CloudKit */ = {
			isa = PBXNativeTarget;
			buildConfigurationList = 44A9CD1523AA2AE100E8C751 /* Build configuration list for PBXNativeTarget "CloudKit" */;
			buildPhases = (
				44A9CCF823AA2ADB00E8C751 /* Sources */,
				44A9CCF923AA2ADB00E8C751 /* Frameworks */,
				44A9CCFA23AA2ADB00E8C751 /* Resources */,
			);
			buildRules = (
			);
			dependencies = (
			);
			name = CloudKit;
			productName = CloudKit;
			productReference = 44A9CCFC23AA2ADB00E8C751 /* CloudKit.app */;
			productType = "com.apple.product-type.application";
		};
/* End PBXNativeTarget section */

/* Begin PBXProject section */
		44A9CCF423AA2ADB00E8C751 /* Project object */ = {
			isa = PBXProject;
			attributes = {
				LastSwiftUpdateCheck = 1130;
				LastUpgradeCheck = 1130;
				ORGANIZATIONNAME = "Swapnanil Dhol";
				TargetAttributes = {
					44A9CCFB23AA2ADB00E8C751 = {
						CreatedOnToolsVersion = 11.3;
					};
				};
			};
			buildConfigurationList = 44A9CCF723AA2ADB00E8C751 /* Build configuration list for PBXProject "CloudKit" */;
			compatibilityVersion = "Xcode 9.3";
			developmentRegion = en;
			hasScannedForEncodings = 0;
			knownRegions = (
				en,
				Base,
			);
			mainGroup = 44A9CCF323AA2ADB00E8C751;
			productRefGroup = 44A9CCFD23AA2ADB00E8C751 /* Products */;
			projectDirPath = "";
			projectRoot = "";
			targets = (
				44A9CCFB23AA2ADB00E8C751 /* CloudKit */,
			);
		};
/* End PBXProject section */

/* Begin PBXResourcesBuildPhase section */
		44A9CCFA23AA2ADB00E8C751 /* Resources */ = {
			isa = PBXResourcesBuildPhase;
			buildActionMask = 2147483647;
			files = (
				44A9CD1123AA2AE100E8C751 /* LaunchScreen.storyboard in Resources */,
				44A9CD0E23AA2AE100E8C751 /* Assets.xcassets in Resources */,
				44A9CD0C23AA2ADB00E8C751 /* Main.storyboard in Resources */,
			);
			runOnlyForDeploymentPostprocessing = 0;
		};
/* End PBXResourcesBuildPhase section */

/* Begin PBXSourcesBuildPhase section */
		44A9CCF823AA2ADB00E8C751 /* Sources */ = {
			isa = PBXSourcesBuildPhase;
			buildActionMask = 2147483647;
			files = (
				44A9CD0723AA2ADB00E8C751 /* MasterViewController.swift in Sources */,
				44A9CD0323AA2ADB00E8C751 /* CloudKit.xcdatamodeld in Sources */,
				44A9CD0923AA2ADB00E8C751 /* DetailViewController.swift in Sources */,
				44A9CD0023AA2ADB00E8C751 /* AppDelegate.swift in Sources */,
				44A9CD0523AA2ADB00E8C751 /* SceneDelegate.swift in Sources */,
			);
			runOnlyForDeploymentPostprocessing = 0;
		};
/* End PBXSourcesBuildPhase section */

/* Begin PBXVariantGroup section */
		44A9CD0A23AA2ADB00E8C751 /* Main.storyboard */ = {
			isa = PBXVariantGroup;
			children = (
				44A9CD0B23AA2ADB00E8C751 /* Base */,
			);
			name = Main.storyboard;
			sourceTree = "<group>";
		};
		44A9CD0F23AA2AE100E8C751 /* LaunchScreen.storyboard */ = {
			isa = PBXVariantGroup;
			children = (
				44A9CD1023AA2AE100E8C751 /* Base */,
			);
			name = LaunchScreen.storyboard;
			sourceTree = "<group>";
		};
/* End PBXVariantGroup section */

/* Begin XCBuildConfiguration section */
		44A9CD1323AA2AE100E8C751 /* Debug */ = {
			isa = XCBuildConfiguration;
			buildSettings = {
				ALWAYS_SEARCH_USER_PATHS = NO;
				CLANG_ANALYZER_NONNULL = YES;
				CLANG_ANALYZER_NUMBER_OBJECT_CONVERSION = YES_AGGRESSIVE;
				CLANG_CXX_LANGUAGE_STANDARD = "gnu++14";
				CLANG_CXX_LIBRARY = "libc++";
				CLANG_ENABLE_MODULES = YES;
				CLANG_ENABLE_OBJC_ARC = YES;
				CLANG_ENABLE_OBJC_WEAK = YES;
				CLANG_WARN_BLOCK_CAPTURE_AUTORELEASING = YES;
				CLANG_WARN_BOOL_CONVERSION = YES;
				CLANG_WARN_COMMA = YES;
				CLANG_WARN_CONSTANT_CONVERSION = YES;
				CLANG_WARN_DEPRECATED_OBJC_IMPLEMENTATIONS = YES;
				CLANG_WARN_DIRECT_OBJC_ISA_USAGE = YES_ERROR;
				CLANG_WARN_DOCUMENTATION_COMMENTS = YES;
				CLANG_WARN_EMPTY_BODY = YES;
				CLANG_WARN_ENUM_CONVERSION = YES;
				CLANG_WARN_INFINITE_RECURSION = YES;
				CLANG_WARN_INT_CONVERSION = YES;
				CLANG_WARN_NON_LITERAL_NULL_CONVERSION = YES;
				CLANG_WARN_OBJC_IMPLICIT_RETAIN_SELF = YES;
				CLANG_WARN_OBJC_LITERAL_CONVERSION = YES;
				CLANG_WARN_OBJC_ROOT_CLASS = YES_ERROR;
				CLANG_WARN_RANGE_LOOP_ANALYSIS = YES;
				CLANG_WARN_STRICT_PROTOTYPES = YES;
				CLANG_WARN_SUSPICIOUS_MOVE = YES;
				CLANG_WARN_UNGUARDED_AVAILABILITY = YES_AGGRESSIVE;
				CLANG_WARN_UNREACHABLE_CODE = YES;
				CLANG_WARN__DUPLICATE_METHOD_MATCH = YES;
				COPY_PHASE_STRIP = NO;
				DEBUG_INFORMATION_FORMAT = dwarf;
				ENABLE_STRICT_OBJC_MSGSEND = YES;
				ENABLE_TESTABILITY = YES;
				GCC_C_LANGUAGE_STANDARD = gnu11;
				GCC_DYNAMIC_NO_PIC = NO;
				GCC_NO_COMMON_BLOCKS = YES;
				GCC_OPTIMIZATION_LEVEL = 0;
				GCC_PREPROCESSOR_DEFINITIONS = (
					"DEBUG=1",
					"$(inherited)",
				);
				GCC_WARN_64_TO_32_BIT_CONVERSION = YES;
				GCC_WARN_ABOUT_RETURN_TYPE = YES_ERROR;
				GCC_WARN_UNDECLARED_SELECTOR = YES;
				GCC_WARN_UNINITIALIZED_AUTOS = YES_AGGRESSIVE;
				GCC_WARN_UNUSED_FUNCTION = YES;
				GCC_WARN_UNUSED_VARIABLE = YES;
				IPHONEOS_DEPLOYMENT_TARGET = 13.2;
				MTL_ENABLE_DEBUG_INFO = INCLUDE_SOURCE;
				MTL_FAST_MATH = YES;
				ONLY_ACTIVE_ARCH = YES;
				SDKROOT = iphoneos;
				SWIFT_ACTIVE_COMPILATION_CONDITIONS = DEBUG;
				SWIFT_OPTIMIZATION_LEVEL = "-Onone";
			};
			name = Debug;
		};
		44A9CD1423AA2AE100E8C751 /* Release */ = {
			isa = XCBuildConfiguration;
			buildSettings = {
				ALWAYS_SEARCH_USER_PATHS = NO;
				CLANG_ANALYZER_NONNULL = YES;
				CLANG_ANALYZER_NUMBER_OBJECT_CONVERSION = YES_AGGRESSIVE;
				CLANG_CXX_LANGUAGE_STANDARD = "gnu++14";
				CLANG_CXX_LIBRARY = "libc++";
				CLANG_ENABLE_MODULES = YES;
				CLANG_ENABLE_OBJC_ARC = YES;
				CLANG_ENABLE_OBJC_WEAK = YES;
				CLANG_WARN_BLOCK_CAPTURE_AUTORELEASING = YES;
				CLANG_WARN_BOOL_CONVERSION = YES;
				CLANG_WARN_COMMA = YES;
				CLANG_WARN_CONSTANT_CONVERSION = YES;
				CLANG_WARN_DEPRECATED_OBJC_IMPLEMENTATIONS = YES;
				CLANG_WARN_DIRECT_OBJC_ISA_USAGE = YES_ERROR;
				CLANG_WARN_DOCUMENTATION_COMMENTS = YES;
				CLANG_WARN_EMPTY_BODY = YES;
				CLANG_WARN_ENUM_CONVERSION = YES;
				CLANG_WARN_INFINITE_RECURSION = YES;
				CLANG_WARN_INT_CONVERSION = YES;
				CLANG_WARN_NON_LITERAL_NULL_CONVERSION = YES;
				CLANG_WARN_OBJC_IMPLICIT_RETAIN_SELF = YES;
				CLANG_WARN_OBJC_LITERAL_CONVERSION = YES;
				CLANG_WARN_OBJC_ROOT_CLASS = YES_ERROR;
				CLANG_WARN_RANGE_LOOP_ANALYSIS = YES;
				CLANG_WARN_STRICT_PROTOTYPES = YES;
				CLANG_WARN_SUSPICIOUS_MOVE = YES;
				CLANG_WARN_UNGUARDED_AVAILABILITY = YES_AGGRESSIVE;
				CLANG_WARN_UNREACHABLE_CODE = YES;
				CLANG_WARN__DUPLICATE_METHOD_MATCH = YES;
				COPY_PHASE_STRIP = NO;
				DEBUG_INFORMATION_FORMAT = "dwarf-with-dsym";
				ENABLE_NS_ASSERTIONS = NO;
				ENABLE_STRICT_OBJC_MSGSEND = YES;
				GCC_C_LANGUAGE_STANDARD = gnu11;
				GCC_NO_COMMON_BLOCKS = YES;
				GCC_WARN_64_TO_32_BIT_CONVERSION = YES;
				GCC_WARN_ABOUT_RETURN_TYPE = YES_ERROR;
				GCC_WARN_UNDECLARED_SELECTOR = YES;
				GCC_WARN_UNINITIALIZED_AUTOS = YES_AGGRESSIVE;
				GCC_WARN_UNUSED_FUNCTION = YES;
				GCC_WARN_UNUSED_VARIABLE = YES;
				IPHONEOS_DEPLOYMENT_TARGET = 13.2;
				MTL_ENABLE_DEBUG_INFO = NO;
				MTL_FAST_MATH = YES;
				SDKROOT = iphoneos;
				SWIFT_COMPILATION_MODE = wholemodule;
				SWIFT_OPTIMIZATION_LEVEL = "-O";
				VALIDATE_PRODUCT = YES;
			};
			name = Release;
		};
		44A9CD1623AA2AE100E8C751 /* Debug */ = {
			isa = XCBuildConfiguration;
			buildSettings = {
				ASSETCATALOG_COMPILER_APPICON_NAME = AppIcon;
				CODE_SIGN_STYLE = Automatic;
				DEVELOPMENT_TEAM = AE68R986VS;
				INFOPLIST_FILE = CloudKit/Info.plist;
				LD_RUNPATH_SEARCH_PATHS = (
					"$(inherited)",
					"@executable_path/Frameworks",
				);
				PRODUCT_BUNDLE_IDENTIFIER = com.SwapnanilDhol.CloudKit;
				PRODUCT_NAME = "$(TARGET_NAME)";
				SWIFT_VERSION = 5.0;
				TARGETED_DEVICE_FAMILY = "1,2";
			};
			name = Debug;
		};
		44A9CD1723AA2AE100E8C751 /* Release */ = {
			isa = XCBuildConfiguration;
			buildSettings = {
				ASSETCATALOG_COMPILER_APPICON_NAME = AppIcon;
				CODE_SIGN_STYLE = Automatic;
				DEVELOPMENT_TEAM = AE68R986VS;
				INFOPLIST_FILE = CloudKit/Info.plist;
				LD_RUNPATH_SEARCH_PATHS = (
					"$(inherited)",
					"@executable_path/Frameworks",
				);
				PRODUCT_BUNDLE_IDENTIFIER = com.SwapnanilDhol.CloudKit;
				PRODUCT_NAME = "$(TARGET_NAME)";
				SWIFT_VERSION = 5.0;
				TARGETED_DEVICE_FAMILY = "1,2";
			};
			name = Release;
		};
/* End XCBuildConfiguration section */

/* Begin XCConfigurationList section */
		44A9CCF723AA2ADB00E8C751 /* Build configuration list for PBXProject "CloudKit" */ = {
			isa = XCConfigurationList;
			buildConfigurations = (
				44A9CD1323AA2AE100E8C751 /* Debug */,
				44A9CD1423AA2AE100E8C751 /* Release */,
			);
			defaultConfigurationIsVisible = 0;
			defaultConfigurationName = Release;
		};
		44A9CD1523AA2AE100E8C751 /* Build configuration list for PBXNativeTarget "CloudKit" */ = {
			isa = XCConfigurationList;
			buildConfigurations = (
				44A9CD1623AA2AE100E8C751 /* Debug */,
				44A9CD1723AA2AE100E8C751 /* Release */,
			);
			defaultConfigurationIsVisible = 0;
			defaultConfigurationName = Release;
		};
/* End XCConfigurationList section */

/* Begin XCVersionGroup section */
		44A9CD0123AA2ADB00E8C751 /* CloudKit.xcdatamodeld */ = {
			isa = XCVersionGroup;
			children = (
				44A9CD0223AA2ADB00E8C751 /* CloudKit.xcdatamodel */,
			);
			currentVersion = 44A9CD0223AA2ADB00E8C751 /* CloudKit.xcdatamodel */;
			path = CloudKit.xcdatamodeld;
			sourceTree = "<group>";
			versionGroupType = wrapper.xcdatamodel;
		};
/* End XCVersionGroup section */
	};
	rootObject = 44A9CCF423AA2ADB00E8C751 /* Project object */;
}
